// !$*UTF8*$!
{
	archiveVersion = 1;
	classes = {
	};
	objectVersion = 56;
	objects = {

/* Begin PBXBuildFile section */
		9D851A97296F5F7B00179A56 /* AppDelegate.swift in Sources */ = {isa = PBXBuildFile; fileRef = 9D851A96296F5F7B00179A56 /* AppDelegate.swift */; };
		9D851A99296F5F7B00179A56 /* SceneDelegate.swift in Sources */ = {isa = PBXBuildFile; fileRef = 9D851A98296F5F7B00179A56 /* SceneDelegate.swift */; };
		9D851A9B296F5F7B00179A56 /* WatchListViewController.swift in Sources */ = {isa = PBXBuildFile; fileRef = 9D851A9A296F5F7B00179A56 /* WatchListViewController.swift */; };
		9D851AA0296F5F7C00179A56 /* Assets.xcassets in Resources */ = {isa = PBXBuildFile; fileRef = 9D851A9F296F5F7C00179A56 /* Assets.xcassets */; };
		9D851AA3296F5F7C00179A56 /* LaunchScreen.storyboard in Resources */ = {isa = PBXBuildFile; fileRef = 9D851AA1296F5F7C00179A56 /* LaunchScreen.storyboard */; };
		9D851AB0296F602F00179A56 /* TopStoriesNewsViewController.swift in Sources */ = {isa = PBXBuildFile; fileRef = 9D851AAF296F602F00179A56 /* TopStoriesNewsViewController.swift */; };
		9D851AB2296F603F00179A56 /* SearchResultsViewController.swift in Sources */ = {isa = PBXBuildFile; fileRef = 9D851AB1296F603F00179A56 /* SearchResultsViewController.swift */; };
		9D851AB4296F604B00179A56 /* StockDetailsViewController.swift in Sources */ = {isa = PBXBuildFile; fileRef = 9D851AB3296F604B00179A56 /* StockDetailsViewController.swift */; };
		9D851AB6296F625000179A56 /* APICaller.swift in Sources */ = {isa = PBXBuildFile; fileRef = 9D851AB5296F625000179A56 /* APICaller.swift */; };
		9D851AB8296F626600179A56 /* PersistenceManager.swift in Sources */ = {isa = PBXBuildFile; fileRef = 9D851AB7296F626600179A56 /* PersistenceManager.swift */; };
		9D851ABA296F627500179A56 /* HapticsManager.swift in Sources */ = {isa = PBXBuildFile; fileRef = 9D851AB9296F627500179A56 /* HapticsManager.swift */; };
		9D851ABC296FBB0200179A56 /* Extenstions.swift in Sources */ = {isa = PBXBuildFile; fileRef = 9D851ABB296FBB0200179A56 /* Extenstions.swift */; };
		9D851ABE296FBCF500179A56 /* SearchResultsTableViewCell.swift in Sources */ = {isa = PBXBuildFile; fileRef = 9D851ABD296FBCF500179A56 /* SearchResultsTableViewCell.swift */; };
		9D851AC0297092FF00179A56 /* SearchResponse.swift in Sources */ = {isa = PBXBuildFile; fileRef = 9D851ABF297092FF00179A56 /* SearchResponse.swift */; };
/* End PBXBuildFile section */

/* Begin PBXFileReference section */
		9D851A93296F5F7B00179A56 /* Stocks App.app */ = {isa = PBXFileReference; explicitFileType = wrapper.application; includeInIndex = 0; path = "Stocks App.app"; sourceTree = BUILT_PRODUCTS_DIR; };
		9D851A96296F5F7B00179A56 /* AppDelegate.swift */ = {isa = PBXFileReference; lastKnownFileType = sourcecode.swift; path = AppDelegate.swift; sourceTree = "<group>"; };
		9D851A98296F5F7B00179A56 /* SceneDelegate.swift */ = {isa = PBXFileReference; lastKnownFileType = sourcecode.swift; path = SceneDelegate.swift; sourceTree = "<group>"; };
		9D851A9A296F5F7B00179A56 /* WatchListViewController.swift */ = {isa = PBXFileReference; lastKnownFileType = sourcecode.swift; path = WatchListViewController.swift; sourceTree = "<group>"; };
		9D851A9F296F5F7C00179A56 /* Assets.xcassets */ = {isa = PBXFileReference; lastKnownFileType = folder.assetcatalog; path = Assets.xcassets; sourceTree = "<group>"; };
		9D851AA2296F5F7C00179A56 /* Base */ = {isa = PBXFileReference; lastKnownFileType = file.storyboard; name = Base; path = Base.lproj/LaunchScreen.storyboard; sourceTree = "<group>"; };
		9D851AA4296F5F7C00179A56 /* Info.plist */ = {isa = PBXFileReference; lastKnownFileType = text.plist.xml; path = Info.plist; sourceTree = "<group>"; };
		9D851AAF296F602F00179A56 /* TopStoriesNewsViewController.swift */ = {isa = PBXFileReference; lastKnownFileType = sourcecode.swift; path = TopStoriesNewsViewController.swift; sourceTree = "<group>"; };
		9D851AB1296F603F00179A56 /* SearchResultsViewController.swift */ = {isa = PBXFileReference; lastKnownFileType = sourcecode.swift; path = SearchResultsViewController.swift; sourceTree = "<group>"; };
		9D851AB3296F604B00179A56 /* StockDetailsViewController.swift */ = {isa = PBXFileReference; lastKnownFileType = sourcecode.swift; path = StockDetailsViewController.swift; sourceTree = "<group>"; };
		9D851AB5296F625000179A56 /* APICaller.swift */ = {isa = PBXFileReference; lastKnownFileType = sourcecode.swift; path = APICaller.swift; sourceTree = "<group>"; };
		9D851AB7296F626600179A56 /* PersistenceManager.swift */ = {isa = PBXFileReference; lastKnownFileType = sourcecode.swift; path = PersistenceManager.swift; sourceTree = "<group>"; };
		9D851AB9296F627500179A56 /* HapticsManager.swift */ = {isa = PBXFileReference; lastKnownFileType = sourcecode.swift; path = HapticsManager.swift; sourceTree = "<group>"; };
		9D851ABB296FBB0200179A56 /* Extenstions.swift */ = {isa = PBXFileReference; lastKnownFileType = sourcecode.swift; path = Extenstions.swift; sourceTree = "<group>"; };
		9D851ABD296FBCF500179A56 /* SearchResultsTableViewCell.swift */ = {isa = PBXFileReference; lastKnownFileType = sourcecode.swift; path = SearchResultsTableViewCell.swift; sourceTree = "<group>"; };
		9D851ABF297092FF00179A56 /* SearchResponse.swift */ = {isa = PBXFileReference; lastKnownFileType = sourcecode.swift; path = SearchResponse.swift; sourceTree = "<group>"; };
/* End PBXFileReference section */

/* Begin PBXFrameworksBuildPhase section */
		9D851A90296F5F7B00179A56 /* Frameworks */ = {
			isa = PBXFrameworksBuildPhase;
			buildActionMask = 2147483647;
			files = (
			);
			runOnlyForDeploymentPostprocessing = 0;
		};
/* End PBXFrameworksBuildPhase section */

/* Begin PBXGroup section */
		9D851A8A296F5F7B00179A56 = {
			isa = PBXGroup;
			children = (
				9D851A95296F5F7B00179A56 /* Stocks App */,
				9D851A94296F5F7B00179A56 /* Products */,
			);
			sourceTree = "<group>";
		};
		9D851A94296F5F7B00179A56 /* Products */ = {
			isa = PBXGroup;
			children = (
				9D851A93296F5F7B00179A56 /* Stocks App.app */,
			);
			name = Products;
			sourceTree = "<group>";
		};
		9D851A95296F5F7B00179A56 /* Stocks App */ = {
			isa = PBXGroup;
			children = (
				9D851AAE296F5FB500179A56 /* Other */,
				9D851AAC296F5FA400179A56 /* Controllers */,
				9D851AAB296F5F9300179A56 /* Views */,
				9D851AAA296F5F8F00179A56 /* Models */,
				9D851AA4296F5F7C00179A56 /* Info.plist */,
			);
			path = "Stocks App";
			sourceTree = "<group>";
		};
		9D851AAA296F5F8F00179A56 /* Models */ = {
			isa = PBXGroup;
			children = (
				9D851ABF297092FF00179A56 /* SearchResponse.swift */,
			);
			path = Models;
			sourceTree = "<group>";
		};
		9D851AAB296F5F9300179A56 /* Views */ = {
			isa = PBXGroup;
			children = (
				9D851AA1296F5F7C00179A56 /* LaunchScreen.storyboard */,
				9D851ABD296FBCF500179A56 /* SearchResultsTableViewCell.swift */,
			);
			path = Views;
			sourceTree = "<group>";
		};
		9D851AAC296F5FA400179A56 /* Controllers */ = {
			isa = PBXGroup;
			children = (
				9D851A9A296F5F7B00179A56 /* WatchListViewController.swift */,
				9D851AAF296F602F00179A56 /* TopStoriesNewsViewController.swift */,
				9D851AB1296F603F00179A56 /* SearchResultsViewController.swift */,
				9D851AB3296F604B00179A56 /* StockDetailsViewController.swift */,
			);
			path = Controllers;
			sourceTree = "<group>";
		};
		9D851AAD296F5FB000179A56 /* Managers */ = {
			isa = PBXGroup;
			children = (
				9D851AB5296F625000179A56 /* APICaller.swift */,
				9D851AB7296F626600179A56 /* PersistenceManager.swift */,
				9D851AB9296F627500179A56 /* HapticsManager.swift */,
			);
			path = Managers;
			sourceTree = "<group>";
		};
		9D851AAE296F5FB500179A56 /* Other */ = {
			isa = PBXGroup;
			children = (
				9D851A9F296F5F7C00179A56 /* Assets.xcassets */,
				9D851A96296F5F7B00179A56 /* AppDelegate.swift */,
				9D851A98296F5F7B00179A56 /* SceneDelegate.swift */,
				9D851AAD296F5FB000179A56 /* Managers */,
				9D851ABB296FBB0200179A56 /* Extenstions.swift */,
			);
			path = Other;
			sourceTree = "<group>";
		};
/* End PBXGroup section */

/* Begin PBXNativeTarget section */
		9D851A92296F5F7B00179A56 /* Stocks App */ = {
			isa = PBXNativeTarget;
			buildConfigurationList = 9D851AA7296F5F7C00179A56 /* Build configuration list for PBXNativeTarget "Stocks App" */;
			buildPhases = (
				9D851A8F296F5F7B00179A56 /* Sources */,
				9D851A90296F5F7B00179A56 /* Frameworks */,
				9D851A91296F5F7B00179A56 /* Resources */,
			);
			buildRules = (
			);
			dependencies = (
			);
			name = "Stocks App";
			productName = "Stocks App";
			productReference = 9D851A93296F5F7B00179A56 /* Stocks App.app */;
			productType = "com.apple.product-type.application";
		};
/* End PBXNativeTarget section */

/* Begin PBXProject section */
		9D851A8B296F5F7B00179A56 /* Project object */ = {
			isa = PBXProject;
			attributes = {
				BuildIndependentTargetsInParallel = 1;
				LastSwiftUpdateCheck = 1400;
				LastUpgradeCheck = 1400;
				TargetAttributes = {
					9D851A92296F5F7B00179A56 = {
						CreatedOnToolsVersion = 14.0.1;
					};
				};
			};
			buildConfigurationList = 9D851A8E296F5F7B00179A56 /* Build configuration list for PBXProject "Stocks App" */;
			compatibilityVersion = "Xcode 14.0";
			developmentRegion = en;
			hasScannedForEncodings = 0;
			knownRegions = (
				en,
				Base,
			);
			mainGroup = 9D851A8A296F5F7B00179A56;
			productRefGroup = 9D851A94296F5F7B00179A56 /* Products */;
			projectDirPath = "";
			projectRoot = "";
			targets = (
				9D851A92296F5F7B00179A56 /* Stocks App */,
			);
		};
/* End PBXProject section */

/* Begin PBXResourcesBuildPhase section */
		9D851A91296F5F7B00179A56 /* Resources */ = {
			isa = PBXResourcesBuildPhase;
			buildActionMask = 2147483647;
			files = (
				9D851AA3296F5F7C00179A56 /* LaunchScreen.storyboard in Resources */,
				9D851AA0296F5F7C00179A56 /* Assets.xcassets in Resources */,
			);
			runOnlyForDeploymentPostprocessing = 0;
		};
/* End PBXResourcesBuildPhase section */

/* Begin PBXSourcesBuildPhase section */
		9D851A8F296F5F7B00179A56 /* Sources */ = {
			isa = PBXSourcesBuildPhase;
			buildActionMask = 2147483647;
			files = (
				9D851ABE296FBCF500179A56 /* SearchResultsTableViewCell.swift in Sources */,
				9D851ABA296F627500179A56 /* HapticsManager.swift in Sources */,
				9D851AB4296F604B00179A56 /* StockDetailsViewController.swift in Sources */,
				9D851A9B296F5F7B00179A56 /* WatchListViewController.swift in Sources */,
				9D851AB0296F602F00179A56 /* TopStoriesNewsViewController.swift in Sources */,
				9D851AB8296F626600179A56 /* PersistenceManager.swift in Sources */,
				9D851AB6296F625000179A56 /* APICaller.swift in Sources */,
				9D851ABC296FBB0200179A56 /* Extenstions.swift in Sources */,
				9D851AC0297092FF00179A56 /* SearchResponse.swift in Sources */,
				9D851A97296F5F7B00179A56 /* AppDelegate.swift in Sources */,
				9D851A99296F5F7B00179A56 /* SceneDelegate.swift in Sources */,
				9D851AB2296F603F00179A56 /* SearchResultsViewController.swift in Sources */,
			);
			runOnlyForDeploymentPostprocessing = 0;
		};
/* End PBXSourcesBuildPhase section */

/* Begin PBXVariantGroup section */
		9D851AA1296F5F7C00179A56 /* LaunchScreen.storyboard */ = {
			isa = PBXVariantGroup;
			children = (
				9D851AA2296F5F7C00179A56 /* Base */,
			);
			name = LaunchScreen.storyboard;
			sourceTree = "<group>";
		};
/* End PBXVariantGroup section */

/* Begin XCBuildConfiguration section */
		9D851AA5296F5F7C00179A56 /* Debug */ = {
			isa = XCBuildConfiguration;
			buildSettings = {
				ALWAYS_SEARCH_USER_PATHS = NO;
				CLANG_ANALYZER_NONNULL = YES;
				CLANG_ANALYZER_NUMBER_OBJECT_CONVERSION = YES_AGGRESSIVE;
				CLANG_CXX_LANGUAGE_STANDARD = "gnu++20";
				CLANG_ENABLE_MODULES = YES;
				CLANG_ENABLE_OBJC_ARC = YES;
				CLANG_ENABLE_OBJC_WEAK = YES;
				CLANG_WARN_BLOCK_CAPTURE_AUTORELEASING = YES;
				CLANG_WARN_BOOL_CONVERSION = YES;
				CLANG_WARN_COMMA = YES;
				CLANG_WARN_CONSTANT_CONVERSION = YES;
				CLANG_WARN_DEPRECATED_OBJC_IMPLEMENTATIONS = YES;
				CLANG_WARN_DIRECT_OBJC_ISA_USAGE = YES_ERROR;
				CLANG_WARN_DOCUMENTATION_COMMENTS = YES;
				CLANG_WARN_EMPTY_BODY = YES;
				CLANG_WARN_ENUM_CONVERSION = YES;
				CLANG_WARN_INFINITE_RECURSION = YES;
				CLANG_WARN_INT_CONVERSION = YES;
				CLANG_WARN_NON_LITERAL_NULL_CONVERSION = YES;
				CLANG_WARN_OBJC_IMPLICIT_RETAIN_SELF = YES;
				CLANG_WARN_OBJC_LITERAL_CONVERSION = YES;
				CLANG_WARN_OBJC_ROOT_CLASS = YES_ERROR;
				CLANG_WARN_QUOTED_INCLUDE_IN_FRAMEWORK_HEADER = YES;
				CLANG_WARN_RANGE_LOOP_ANALYSIS = YES;
				CLANG_WARN_STRICT_PROTOTYPES = YES;
				CLANG_WARN_SUSPICIOUS_MOVE = YES;
				CLANG_WARN_UNGUARDED_AVAILABILITY = YES_AGGRESSIVE;
				CLANG_WARN_UNREACHABLE_CODE = YES;
				CLANG_WARN__DUPLICATE_METHOD_MATCH = YES;
				COPY_PHASE_STRIP = NO;
				DEBUG_INFORMATION_FORMAT = dwarf;
				ENABLE_STRICT_OBJC_MSGSEND = YES;
				ENABLE_TESTABILITY = YES;
				GCC_C_LANGUAGE_STANDARD = gnu11;
				GCC_DYNAMIC_NO_PIC = NO;
				GCC_NO_COMMON_BLOCKS = YES;
				GCC_OPTIMIZATION_LEVEL = 0;
				GCC_PREPROCESSOR_DEFINITIONS = (
					"DEBUG=1",
					"$(inherited)",
				);
				GCC_WARN_64_TO_32_BIT_CONVERSION = YES;
				GCC_WARN_ABOUT_RETURN_TYPE = YES_ERROR;
				GCC_WARN_UNDECLARED_SELECTOR = YES;
				GCC_WARN_UNINITIALIZED_AUTOS = YES_AGGRESSIVE;
				GCC_WARN_UNUSED_FUNCTION = YES;
				GCC_WARN_UNUSED_VARIABLE = YES;
				IPHONEOS_DEPLOYMENT_TARGET = 16.0;
				MTL_ENABLE_DEBUG_INFO = INCLUDE_SOURCE;
				MTL_FAST_MATH = YES;
				ONLY_ACTIVE_ARCH = YES;
				SDKROOT = iphoneos;
				SWIFT_ACTIVE_COMPILATION_CONDITIONS = DEBUG;
				SWIFT_OPTIMIZATION_LEVEL = "-Onone";
			};
			name = Debug;
		};
		9D851AA6296F5F7C00179A56 /* Release */ = {
			isa = XCBuildConfiguration;
			buildSettings = {
				ALWAYS_SEARCH_USER_PATHS = NO;
				CLANG_ANALYZER_NONNULL = YES;
				CLANG_ANALYZER_NUMBER_OBJECT_CONVERSION = YES_AGGRESSIVE;
				CLANG_CXX_LANGUAGE_STANDARD = "gnu++20";
				CLANG_ENABLE_MODULES = YES;
				CLANG_ENABLE_OBJC_ARC = YES;
				CLANG_ENABLE_OBJC_WEAK = YES;
				CLANG_WARN_BLOCK_CAPTURE_AUTORELEASING = YES;
				CLANG_WARN_BOOL_CONVERSION = YES;
				CLANG_WARN_COMMA = YES;
				CLANG_WARN_CONSTANT_CONVERSION = YES;
				CLANG_WARN_DEPRECATED_OBJC_IMPLEMENTATIONS = YES;
				CLANG_WARN_DIRECT_OBJC_ISA_USAGE = YES_ERROR;
				CLANG_WARN_DOCUMENTATION_COMMENTS = YES;
				CLANG_WARN_EMPTY_BODY = YES;
				CLANG_WARN_ENUM_CONVERSION = YES;
				CLANG_WARN_INFINITE_RECURSION = YES;
				CLANG_WARN_INT_CONVERSION = YES;
				CLANG_WARN_NON_LITERAL_NULL_CONVERSION = YES;
				CLANG_WARN_OBJC_IMPLICIT_RETAIN_SELF = YES;
				CLANG_WARN_OBJC_LITERAL_CONVERSION = YES;
				CLANG_WARN_OBJC_ROOT_CLASS = YES_ERROR;
				CLANG_WARN_QUOTED_INCLUDE_IN_FRAMEWORK_HEADER = YES;
				CLANG_WARN_RANGE_LOOP_ANALYSIS = YES;
				CLANG_WARN_STRICT_PROTOTYPES = YES;
				CLANG_WARN_SUSPICIOUS_MOVE = YES;
				CLANG_WARN_UNGUARDED_AVAILABILITY = YES_AGGRESSIVE;
				CLANG_WARN_UNREACHABLE_CODE = YES;
				CLANG_WARN__DUPLICATE_METHOD_MATCH = YES;
				COPY_PHASE_STRIP = NO;
				DEBUG_INFORMATION_FORMAT = "dwarf-with-dsym";
				ENABLE_NS_ASSERTIONS = NO;
				ENABLE_STRICT_OBJC_MSGSEND = YES;
				GCC_C_LANGUAGE_STANDARD = gnu11;
				GCC_NO_COMMON_BLOCKS = YES;
				GCC_WARN_64_TO_32_BIT_CONVERSION = YES;
				GCC_WARN_ABOUT_RETURN_TYPE = YES_ERROR;
				GCC_WARN_UNDECLARED_SELECTOR = YES;
				GCC_WARN_UNINITIALIZED_AUTOS = YES_AGGRESSIVE;
				GCC_WARN_UNUSED_FUNCTION = YES;
				GCC_WARN_UNUSED_VARIABLE = YES;
				IPHONEOS_DEPLOYMENT_TARGET = 16.0;
				MTL_ENABLE_DEBUG_INFO = NO;
				MTL_FAST_MATH = YES;
				SDKROOT = iphoneos;
				SWIFT_COMPILATION_MODE = wholemodule;
				SWIFT_OPTIMIZATION_LEVEL = "-O";
				VALIDATE_PRODUCT = YES;
			};
			name = Release;
		};
		9D851AA8296F5F7C00179A56 /* Debug */ = {
			isa = XCBuildConfiguration;
			buildSettings = {
				ASSETCATALOG_COMPILER_APPICON_NAME = AppIcon;
				ASSETCATALOG_COMPILER_GLOBAL_ACCENT_COLOR_NAME = AccentColor;
				CODE_SIGN_STYLE = Automatic;
				CURRENT_PROJECT_VERSION = 1;
				DEVELOPMENT_TEAM = 8S68B3VNH7;
				GENERATE_INFOPLIST_FILE = YES;
				INFOPLIST_FILE = "Stocks App/Info.plist";
				INFOPLIST_KEY_UIApplicationSupportsIndirectInputEvents = YES;
				INFOPLIST_KEY_UILaunchStoryboardName = LaunchScreen;
				INFOPLIST_KEY_UISupportedInterfaceOrientations_iPad = "UIInterfaceOrientationPortrait UIInterfaceOrientationPortraitUpsideDown UIInterfaceOrientationLandscapeLeft UIInterfaceOrientationLandscapeRight";
				INFOPLIST_KEY_UISupportedInterfaceOrientations_iPhone = "UIInterfaceOrientationPortrait UIInterfaceOrientationLandscapeLeft UIInterfaceOrientationLandscapeRight";
				LD_RUNPATH_SEARCH_PATHS = (
					"$(inherited)",
					"@executable_path/Frameworks",
				);
				MARKETING_VERSION = 1.0;
				PRODUCT_BUNDLE_IDENTIFIER = "ethan-gonsalves.Stocks-App";
				PRODUCT_NAME = "$(TARGET_NAME)";
				SWIFT_EMIT_LOC_STRINGS = YES;
				SWIFT_VERSION = 5.0;
				TARGETED_DEVICE_FAMILY = "1,2";
			};
			name = Debug;
		};
		9D851AA9296F5F7C00179A56 /* Release */ = {
			isa = XCBuildConfiguration;
			buildSettings = {
				ASSETCATALOG_COMPILER_APPICON_NAME = AppIcon;
				ASSETCATALOG_COMPILER_GLOBAL_ACCENT_COLOR_NAME = AccentColor;
				CODE_SIGN_STYLE = Automatic;
				CURRENT_PROJECT_VERSION = 1;
				DEVELOPMENT_TEAM = 8S68B3VNH7;
				GENERATE_INFOPLIST_FILE = YES;
				INFOPLIST_FILE = "Stocks App/Info.plist";
				INFOPLIST_KEY_UIApplicationSupportsIndirectInputEvents = YES;
				INFOPLIST_KEY_UILaunchStoryboardName = LaunchScreen;
				INFOPLIST_KEY_UISupportedInterfaceOrientations_iPad = "UIInterfaceOrientationPortrait UIInterfaceOrientationPortraitUpsideDown UIInterfaceOrientationLandscapeLeft UIInterfaceOrientationLandscapeRight";
				INFOPLIST_KEY_UISupportedInterfaceOrientations_iPhone = "UIInterfaceOrientationPortrait UIInterfaceOrientationLandscapeLeft UIInterfaceOrientationLandscapeRight";
				LD_RUNPATH_SEARCH_PATHS = (
					"$(inherited)",
					"@executable_path/Frameworks",
				);
				MARKETING_VERSION = 1.0;
				PRODUCT_BUNDLE_IDENTIFIER = "ethan-gonsalves.Stocks-App";
				PRODUCT_NAME = "$(TARGET_NAME)";
				SWIFT_EMIT_LOC_STRINGS = YES;
				SWIFT_VERSION = 5.0;
				TARGETED_DEVICE_FAMILY = "1,2";
			};
			name = Release;
		};
/* End XCBuildConfiguration section */

/* Begin XCConfigurationList section */
		9D851A8E296F5F7B00179A56 /* Build configuration list for PBXProject "Stocks App" */ = {
			isa = XCConfigurationList;
			buildConfigurations = (
				9D851AA5296F5F7C00179A56 /* Debug */,
				9D851AA6296F5F7C00179A56 /* Release */,
			);
			defaultConfigurationIsVisible = 0;
			defaultConfigurationName = Release;
		};
		9D851AA7296F5F7C00179A56 /* Build configuration list for PBXNativeTarget "Stocks App" */ = {
			isa = XCConfigurationList;
			buildConfigurations = (
				9D851AA8296F5F7C00179A56 /* Debug */,
				9D851AA9296F5F7C00179A56 /* Release */,
			);
			defaultConfigurationIsVisible = 0;
			defaultConfigurationName = Release;
		};
/* End XCConfigurationList section */
	};
	rootObject = 9D851A8B296F5F7B00179A56 /* Project object */;
}
